
Microsoft Visual Studio Solution File, Format Version 12.00
# Visual Studio Version 16
VisualStudioVersion = 16.0.30611.23
MinimumVisualStudioVersion = 10.0.40219.1
Project("{FAE04EC0-301F-11D3-BF4B-00C04F79EFBC}") = "ClientCFC-P4-107", "ClientCFC-P4-107.csproj", "{AC9E41A2-C36F-446F-9915-7AF62C49C514}"
EndProject
Global
	GlobalSection(SolutionConfigurationPlatforms) = preSolution
		Debug|Any CPU = Debug|Any CPU
		Release|Any CPU = Release|Any CPU
	EndGlobalSection
	GlobalSection(ProjectConfigurationPlatforms) = postSolution
		{AC9E41A2-C36F-446F-9915-7AF62C49C514}.Debug|Any CPU.ActiveCfg = Debug|Any CPU
		{AC9E41A2-C36F-446F-9915-7AF62C49C514}.Debug|Any CPU.Build.0 = Debug|Any CPU
		{AC9E41A2-C36F-446F-9915-7AF62C49C514}.Release|Any CPU.ActiveCfg = Release|Any CPU
		{AC9E41A2-C36F-446F-9915-7AF62C49C514}.Release|Any CPU.Build.0 = Release|Any CPU
	EndGlobalSection
	GlobalSection(SolutionProperties) = preSolution
		HideSolutionNode = FALSE
	EndGlobalSection
	GlobalSection(ExtensibilityGlobals) = postSolution
		SolutionGuid = {23FC8B05-2188-4A47-AED2-F244476CECFD}
	EndGlobalSection
EndGlobal
